
Microsoft Visual Studio Solution File, Format Version 11.00
# Visual Studio 2010
Project("{FAE04EC0-301F-11D3-BF4B-00C04F79EFBC}") = "GrandAStudio.Sportia", "GrandAStudio.Filmia\GrandAStudio.Sportia.csproj", "{DC5FD34E-8758-428E-BF55-76909528AF4B}"
EndProject
Global
	GlobalSection(SolutionConfigurationPlatforms) = preSolution
		Debug|Any CPU = Debug|Any CPU
		Release|Any CPU = Release|Any CPU
	EndGlobalSection
	GlobalSection(ProjectConfigurationPlatforms) = postSolution
		{DC5FD34E-8758-428E-BF55-76909528AF4B}.Debug|Any CPU.ActiveCfg = Debug|Any CPU
		{DC5FD34E-8758-428E-BF55-76909528AF4B}.Debug|Any CPU.Build.0 = Debug|Any CPU
		{DC5FD34E-8758-428E-BF55-76909528AF4B}.Debug|Any CPU.Deploy.0 = Debug|Any CPU
		{DC5FD34E-8758-428E-BF55-76909528AF4B}.Release|Any CPU.ActiveCfg = Release|Any CPU
		{DC5FD34E-8758-428E-BF55-76909528AF4B}.Release|Any CPU.Build.0 = Release|Any CPU
		{DC5FD34E-8758-428E-BF55-76909528AF4B}.Release|Any CPU.Deploy.0 = Release|Any CPU
	EndGlobalSection
	GlobalSection(SolutionProperties) = preSolution
		HideSolutionNode = FALSE
	EndGlobalSection
EndGlobal
